
Microsoft Visual Studio Solution File, Format Version 12.00
# Visual Studio 15
VisualStudioVersion = 15.0.28307.168
MinimumVisualStudioVersion = 10.0.40219.1
Project("{FAE04EC0-301F-11D3-BF4B-00C04F79EFBC}") = "1_programa", "1_programa\1_programa.csproj", "{680A7C8E-55B6-40E6-B760-EF5C2F785F87}"
EndProject
Global
	GlobalSection(SolutionConfigurationPlatforms) = preSolution
		Debug|Any CPU = Debug|Any CPU
		Release|Any CPU = Release|Any CPU
	EndGlobalSection
	GlobalSection(ProjectConfigurationPlatforms) = postSolution
		{680A7C8E-55B6-40E6-B760-EF5C2F785F87}.Debug|Any CPU.ActiveCfg = Debug|Any CPU
		{680A7C8E-55B6-40E6-B760-EF5C2F785F87}.Debug|Any CPU.Build.0 = Debug|Any CPU
		{680A7C8E-55B6-40E6-B760-EF5C2F785F87}.Release|Any CPU.ActiveCfg = Release|Any CPU
		{680A7C8E-55B6-40E6-B760-EF5C2F785F87}.Release|Any CPU.Build.0 = Release|Any CPU
	EndGlobalSection
	GlobalSection(SolutionProperties) = preSolution
		HideSolutionNode = FALSE
	EndGlobalSection
	GlobalSection(ExtensibilityGlobals) = postSolution
		SolutionGuid = {C5397A45-E2D9-436A-9E44-7ABFFCB9D058}
	EndGlobalSection
EndGlobal
